github.com/klauspost/compress v1.17.11 h1:In6xLpyWOi1+C7tXUUWv2ot1QvBjxevKAaI6IXrJmUc=
github.com/klauspost/compress v1.17.11/go.mod h1:pMDklpSncoRMuLFrf1W9Ss9KT+0rH90U12bZKk7uwG0=
github.com/patrickbr/gtfsparser v0.0.0-20240911102057-fc74d7141f00 h1:o3DZLXaWH3CMjNmLFRNIKiMajDDyvGkgmNflE+Myozo=
github.com/patrickbr/gtfsparser v0.0.0-20240911102057-fc74d7141f00/go.mod h1:L88c76QEIfk3Z5pr1S715jfv1EIEVZ7BvNiefxz4o3o=
github.com/valyala/fastjson v1.6.4 h1:uAUNq9Z6ymTgGhcm0UynUAB6tlbakBrz6CQFax3BXVQ=
github.com/valyala/fastjson v1.6.4/go.mod h1:CLCAqky6SMuOcxStkYQvblddUtoRxhYMGLrsQns1aXY=
