github.com/klauspost/compress v1.17.7 h1:ehO88t2UGzQK66LMdE8tibEd1ErmzZjNEqWkjLAKQQg=
github.com/klauspost/compress v1.17.7/go.mod h1:Di0epgTjJY877eYKx5yC51cX2A2Vl2ibi7bDH9ttBbw=
github.com/klauspost/compress v1.17.11 h1:In6xLpyWOi1+C7tXUUWv2ot1QvBjxevKAaI6IXrJmUc=
github.com/klauspost/compress v1.17.11/go.mod h1:pMDklpSncoRMuLFrf1W9Ss9KT+0rH90U12bZKk7uwG0=
github.com/patrickbr/gtfsparser v0.0.0-20240911102057-fc74d7141f00 h1:o3DZLXaWH3CMjNmLFRNIKiMajDDyvGkgmNflE+Myozo=
github.com/patrickbr/gtfsparser v0.0.0-20240911102057-fc74d7141f00/go.mod h1:L88c76QEIfk3Z5pr1S715jfv1EIEVZ7BvNiefxz4o3o=
github.com/patrickbr/gtfsparser v0.0.0-20260622153410-c2b72a7817fa h1:sNCPdHor6wZlO77OrWyklzVDnra0E1V1cAbfOXjw9eA=
github.com/patrickbr/gtfsparser v0.0.0-20260622153410-c2b72a7817fa/go.mod h1:WsjXLsxSQc+KfBJ7APQhk3yz+4DztzMYARQ+EfxKYSQ=
github.com/patrickbr/gtfsparser v0.0.0-20260821222520-58b02b342c71 h1:YAg9EoP3rG5Dv5PAWquT/1po1TAHCOhLF/ykNkO7bNo=
github.com/patrickbr/gtfsparser v0.0.0-20260821222520-58b02b342c71/go.mod h1:WsjXLsxSQc+KfBJ7APQhk3yz+4DztzMYARQ+EfxKYSQ=
github.com/valyala/fastjson v1.6.4 h1:uAUNq9Z6ymTgGhcm0UynUAB6tlbakBrz6CQFax3BXVQ=
github.com/valyala/fastjson v1.6.4/go.mod h1:CLCAqky6SMuOcxStkYQvblddUtoRxhYMGLrsQns1aXY=
